
Microsoft Visual Studio Solution File, Format Version 12.00
# Visual Studio Version 17
VisualStudioVersion = 17.9.34728.123
MinimumVisualStudioVersion = 10.0.40219.1
Project("{FAE04EC0-301F-11D3-BF4B-00C04F79EFBC}") = "ProyectoRolesPermisos", "ProyectoRolesPermisos\ProyectoRolesPermisos.csproj", "{9993F536-1D4C-4448-A339-49EB7EC98254}"
EndProject
Global
	GlobalSection(SolutionConfigurationPlatforms) = preSolution
		Debug|Any CPU = Debug|Any CPU
		Release|Any CPU = Release|Any CPU
	EndGlobalSection
	GlobalSection(ProjectConfigurationPlatforms) = postSolution
		{9993F536-1D4C-4448-A339-49EB7EC98254}.Debug|Any CPU.ActiveCfg = Debug|Any CPU
		{9993F536-1D4C-4448-A339-49EB7EC98254}.Debug|Any CPU.Build.0 = Debug|Any CPU
		{9993F536-1D4C-4448-A339-49EB7EC98254}.Release|Any CPU.ActiveCfg = Release|Any CPU
		{9993F536-1D4C-4448-A339-49EB7EC98254}.Release|Any CPU.Build.0 = Release|Any CPU
	EndGlobalSection
	GlobalSection(SolutionProperties) = preSolution
		HideSolutionNode = FALSE
	EndGlobalSection
	GlobalSection(ExtensibilityGlobals) = postSolution
		SolutionGuid = {0A64623B-513C-448A-8304-4FD3334FFE60}
	EndGlobalSection
EndGlobal
